
Microsoft Visual Studio Solution File, Format Version 12.00
Project("{FAE04EC0-301F-11D3-BF4B-00C04F79EFBC}") = "cwiczenia06", "cwiczenia06\cwiczenia06.csproj", "{97DE7314-C5CF-4DD3-A63A-E5D8BE052222}"
EndProject
Global
	GlobalSection(SolutionConfigurationPlatforms) = preSolution
		Debug|Any CPU = Debug|Any CPU
		Release|Any CPU = Release|Any CPU
	EndGlobalSection
	GlobalSection(ProjectConfigurationPlatforms) = postSolution
		{97DE7314-C5CF-4DD3-A63A-E5D8BE052222}.Debug|Any CPU.ActiveCfg = Debug|Any CPU
		{97DE7314-C5CF-4DD3-A63A-E5D8BE052222}.Debug|Any CPU.Build.0 = Debug|Any CPU
		{97DE7314-C5CF-4DD3-A63A-E5D8BE052222}.Release|Any CPU.ActiveCfg = Release|Any CPU
		{97DE7314-C5CF-4DD3-A63A-E5D8BE052222}.Release|Any CPU.Build.0 = Release|Any CPU
	EndGlobalSection
EndGlobal
